
Microsoft Visual Studio Solution File, Format Version 12.00
# Visual Studio Version 16
VisualStudioVersion = 16.0.32510.428
MinimumVisualStudioVersion = 10.0.40219.1
Project("{FAE04EC0-301F-11D3-BF4B-00C04F79EFBC}") = "SonarQubeDemo", "SonarQubeDemo\SonarQubeDemo.csproj", "{0170CCEB-ADEE-4D79-85DE-C6C4DB24921D}"
EndProject
Global
	GlobalSection(SolutionConfigurationPlatforms) = preSolution
		Debug|Any CPU = Debug|Any CPU
		Release|Any CPU = Release|Any CPU
	EndGlobalSection
	GlobalSection(ProjectConfigurationPlatforms) = postSolution
		{0170CCEB-ADEE-4D79-85DE-C6C4DB24921D}.Debug|Any CPU.ActiveCfg = Debug|Any CPU
		{0170CCEB-ADEE-4D79-85DE-C6C4DB24921D}.Debug|Any CPU.Build.0 = Debug|Any CPU
		{0170CCEB-ADEE-4D79-85DE-C6C4DB24921D}.Release|Any CPU.ActiveCfg = Release|Any CPU
		{0170CCEB-ADEE-4D79-85DE-C6C4DB24921D}.Release|Any CPU.Build.0 = Release|Any CPU
	EndGlobalSection
	GlobalSection(SolutionProperties) = preSolution
		HideSolutionNode = FALSE
	EndGlobalSection
	GlobalSection(ExtensibilityGlobals) = postSolution
		SolutionGuid = {D0BC683B-CAAC-4E05-BE3E-9D424FC1D0D5}
	EndGlobalSection
EndGlobal
